// !$*UTF8*$!
{
	archiveVersion = 1;
	classes = {
	};
	objectVersion = 56;
	objects = {

/* Begin PBXBuildFile section */
		440FCC2D2B04EB940011B637 /* Constants.swift in Sources */ = {isa = PBXBuildFile; fileRef = 440FCC2C2B04EB940011B637 /* Constants.swift */; };
		44425A642B038AEA00AAD64A /* FloatingButton.swift in Sources */ = {isa = PBXBuildFile; fileRef = 44425A632B038AEA00AAD64A /* FloatingButton.swift */; };
		444A50902B0C60F900454397 /* ImagePageView.swift in Sources */ = {isa = PBXBuildFile; fileRef = 444A508F2B0C60F900454397 /* ImagePageView.swift */; };
		444A50942B0C8D1900454397 /* UIView+Divider.swift in Sources */ = {isa = PBXBuildFile; fileRef = 444A50932B0C8D1900454397 /* UIView+Divider.swift */; };
		444A50982B0CE25200454397 /* DurationView.swift in Sources */ = {isa = PBXBuildFile; fileRef = 444A50972B0CE25200454397 /* DurationView.swift */; };
		444A509A2B0CE94E00454397 /* DateView.swift in Sources */ = {isa = PBXBuildFile; fileRef = 444A50992B0CE94E00454397 /* DateView.swift */; };
		446362C92B0DF9E800B74DA7 /* PriceLabel.swift in Sources */ = {isa = PBXBuildFile; fileRef = 446362C82B0DF9E800B74DA7 /* PriceLabel.swift */; };
		446362CB2B0DFD4F00B74DA7 /* Int+.swift in Sources */ = {isa = PBXBuildFile; fileRef = 446362CA2B0DFD4F00B74DA7 /* Int+.swift */; };
		4491AA282B05D6C90016FC70 /* MenuView.swift in Sources */ = {isa = PBXBuildFile; fileRef = 4491AA272B05D6C90016FC70 /* MenuView.swift */; };
		5975E98A2B035919007CEF13 /* Post.json in Resources */ = {isa = PBXBuildFile; fileRef = 5975E9872B035919007CEF13 /* Post.json */; };
		5975E98B2B035919007CEF13 /* Posts.json in Resources */ = {isa = PBXBuildFile; fileRef = 5975E9882B035919007CEF13 /* Posts.json */; };
		5975E98C2B035919007CEF13 /* Users.json in Resources */ = {isa = PBXBuildFile; fileRef = 5975E9892B035919007CEF13 /* Users.json */; };
		5979BA7C2B08AE3C00FFF215 /* UITextField+PlaceHolderColor.swift in Sources */ = {isa = PBXBuildFile; fileRef = 5979BA7B2B08AE3C00FFF215 /* UITextField+PlaceHolderColor.swift */; };
		59D4DBDE2B06889300BBA2D5 /* TimePickerView.swift in Sources */ = {isa = PBXBuildFile; fileRef = 59D4DBDD2B06889300BBA2D5 /* TimePickerView.swift */; };
		59D4DBE22B068C6400BBA2D5 /* UIView+Layer.swift in Sources */ = {isa = PBXBuildFile; fileRef = 59D4DBE12B068C6400BBA2D5 /* UIView+Layer.swift */; };
		59E0C5FC2AFBA3FC0073D494 /* AppDelegate.swift in Sources */ = {isa = PBXBuildFile; fileRef = 59E0C5FB2AFBA3FC0073D494 /* AppDelegate.swift */; };
		59E0C5FE2AFBA3FC0073D494 /* SceneDelegate.swift in Sources */ = {isa = PBXBuildFile; fileRef = 59E0C5FD2AFBA3FC0073D494 /* SceneDelegate.swift */; };
		59E0C6052AFBA3FE0073D494 /* Assets.xcassets in Resources */ = {isa = PBXBuildFile; fileRef = 59E0C6042AFBA3FE0073D494 /* Assets.xcassets */; };
		59E196C92B045F4900BF7C5A /* PostingRentViewController.swift in Sources */ = {isa = PBXBuildFile; fileRef = 59E196C82B045F4900BF7C5A /* PostingRentViewController.swift */; };
		8F628D192B0349FE0013042E /* .swiftlint.yml in Resources */ = {isa = PBXBuildFile; fileRef = 8F628D182B0349FE0013042E /* .swiftlint.yml */; };
		8F95CF902B0B97F90024631F /* PostSummaryView.swift in Sources */ = {isa = PBXBuildFile; fileRef = 8F95CF8F2B0B97F90024631F /* PostSummaryView.swift */; };
		8FBE3B0A2B0478D400660530 /* HomeCollectionViewCell.swift in Sources */ = {isa = PBXBuildFile; fileRef = 8FBE3B092B0478D400660530 /* HomeCollectionViewCell.swift */; };
		8FBE3B0C2B048B1300660530 /* HomeViewController.swift in Sources */ = {isa = PBXBuildFile; fileRef = 8FBE3B0B2B048B1300660530 /* HomeViewController.swift */; };
		8FBE3B122B04CF6300660530 /* UILabel+SetTitle.swift in Sources */ = {isa = PBXBuildFile; fileRef = 8FBE3B112B04CF6300660530 /* UILabel+SetTitle.swift */; };
		8FBE3B142B04D84B00660530 /* UINavigationItem+MakeSFSymbolButton.swift in Sources */ = {isa = PBXBuildFile; fileRef = 8FBE3B132B04D84B00660530 /* UINavigationItem+MakeSFSymbolButton.swift */; };
		8FC7FE742B05CE9A00B91D3B /* PostListItemViewModel.swift in Sources */ = {isa = PBXBuildFile; fileRef = 8FC7FE732B05CE9A00B91D3B /* PostListItemViewModel.swift */; };
		8FC7FE782B06768C00B91D3B /* NetworkService.swift in Sources */ = {isa = PBXBuildFile; fileRef = 8FC7FE772B06768C00B91D3B /* NetworkService.swift */; };
		8FC7FE7B2B07A89A00B91D3B /* RentDetailViewController.swift in Sources */ = {isa = PBXBuildFile; fileRef = 8FC7FE7A2B07A89A00B91D3B /* RentDetailViewController.swift */; };
		8FD52A452B09D1A6005EE367 /* ChatViewController.swift in Sources */ = {isa = PBXBuildFile; fileRef = 8FD52A442B09D1A6005EE367 /* ChatViewController.swift */; };
		8FD52A482B09D1AD005EE367 /* MyPageViewController.swift in Sources */ = {isa = PBXBuildFile; fileRef = 8FD52A472B09D1AD005EE367 /* MyPageViewController.swift */; };
		8FD52A4B2B0B0A2F005EE367 /* SearchViewController.swift in Sources */ = {isa = PBXBuildFile; fileRef = 8FD52A4A2B0B0A2F005EE367 /* SearchViewController.swift */; };
		8FD52A512B0B51AF005EE367 /* ChatRoomViewController.swift in Sources */ = {isa = PBXBuildFile; fileRef = 8FD52A502B0B51AF005EE367 /* ChatRoomViewController.swift */; };
/* End PBXBuildFile section */

/* Begin PBXContainerItemProxy section */
		59AA129E2B03726C00AFC766 /* PBXContainerItemProxy */ = {
			isa = PBXContainerItemProxy;
			containerPortal = 59E0C5F02AFBA3FC0073D494 /* Project object */;
			proxyType = 1;
			remoteGlobalIDString = 59E0C5F72AFBA3FC0073D494;
			remoteInfo = Village;
		};
/* End PBXContainerItemProxy section */

/* Begin PBXFileReference section */
		440FCC2C2B04EB940011B637 /* Constants.swift */ = {isa = PBXFileReference; lastKnownFileType = sourcecode.swift; path = Constants.swift; sourceTree = "<group>"; };
		44425A632B038AEA00AAD64A /* FloatingButton.swift */ = {isa = PBXFileReference; lastKnownFileType = sourcecode.swift; path = FloatingButton.swift; sourceTree = "<group>"; };
		444A508F2B0C60F900454397 /* ImagePageView.swift */ = {isa = PBXFileReference; lastKnownFileType = sourcecode.swift; path = ImagePageView.swift; sourceTree = "<group>"; };
		444A50932B0C8D1900454397 /* UIView+Divider.swift */ = {isa = PBXFileReference; lastKnownFileType = sourcecode.swift; path = "UIView+Divider.swift"; sourceTree = "<group>"; };
		444A50972B0CE25200454397 /* DurationView.swift */ = {isa = PBXFileReference; lastKnownFileType = sourcecode.swift; path = DurationView.swift; sourceTree = "<group>"; };
		444A50992B0CE94E00454397 /* DateView.swift */ = {isa = PBXFileReference; lastKnownFileType = sourcecode.swift; path = DateView.swift; sourceTree = "<group>"; };
		446362C82B0DF9E800B74DA7 /* PriceLabel.swift */ = {isa = PBXFileReference; lastKnownFileType = sourcecode.swift; path = PriceLabel.swift; sourceTree = "<group>"; };
		446362CA2B0DFD4F00B74DA7 /* Int+.swift */ = {isa = PBXFileReference; lastKnownFileType = sourcecode.swift; path = "Int+.swift"; sourceTree = "<group>"; };
		4491AA272B05D6C90016FC70 /* MenuView.swift */ = {isa = PBXFileReference; lastKnownFileType = sourcecode.swift; path = MenuView.swift; sourceTree = "<group>"; };
		5975E9872B035919007CEF13 /* Post.json */ = {isa = PBXFileReference; fileEncoding = 4; lastKnownFileType = text.json; path = Post.json; sourceTree = "<group>"; };
		5975E9882B035919007CEF13 /* Posts.json */ = {isa = PBXFileReference; fileEncoding = 4; lastKnownFileType = text.json; path = Posts.json; sourceTree = "<group>"; };
		5975E9892B035919007CEF13 /* Users.json */ = {isa = PBXFileReference; fileEncoding = 4; lastKnownFileType = text.json; path = Users.json; sourceTree = "<group>"; };
		5979BA7B2B08AE3C00FFF215 /* UITextField+PlaceHolderColor.swift */ = {isa = PBXFileReference; lastKnownFileType = sourcecode.swift; path = "UITextField+PlaceHolderColor.swift"; sourceTree = "<group>"; };
		59AA129A2B03726C00AFC766 /* VillageTests.xctest */ = {isa = PBXFileReference; explicitFileType = wrapper.cfbundle; includeInIndex = 0; path = VillageTests.xctest; sourceTree = BUILT_PRODUCTS_DIR; };
		59D4DBDD2B06889300BBA2D5 /* TimePickerView.swift */ = {isa = PBXFileReference; lastKnownFileType = sourcecode.swift; path = TimePickerView.swift; sourceTree = "<group>"; };
		59D4DBE12B068C6400BBA2D5 /* UIView+Layer.swift */ = {isa = PBXFileReference; lastKnownFileType = sourcecode.swift; path = "UIView+Layer.swift"; sourceTree = "<group>"; };
		59E0C5F82AFBA3FC0073D494 /* Village.app */ = {isa = PBXFileReference; explicitFileType = wrapper.application; includeInIndex = 0; path = Village.app; sourceTree = BUILT_PRODUCTS_DIR; };
		59E0C5FB2AFBA3FC0073D494 /* AppDelegate.swift */ = {isa = PBXFileReference; lastKnownFileType = sourcecode.swift; path = AppDelegate.swift; sourceTree = "<group>"; };
		59E0C5FD2AFBA3FC0073D494 /* SceneDelegate.swift */ = {isa = PBXFileReference; lastKnownFileType = sourcecode.swift; path = SceneDelegate.swift; sourceTree = "<group>"; };
		59E0C6042AFBA3FE0073D494 /* Assets.xcassets */ = {isa = PBXFileReference; lastKnownFileType = folder.assetcatalog; path = Assets.xcassets; sourceTree = "<group>"; };
		59E0C6092AFBA3FE0073D494 /* Info.plist */ = {isa = PBXFileReference; lastKnownFileType = text.plist.xml; path = Info.plist; sourceTree = "<group>"; };
		59E196C82B045F4900BF7C5A /* PostingRentViewController.swift */ = {isa = PBXFileReference; lastKnownFileType = sourcecode.swift; path = PostingRentViewController.swift; sourceTree = "<group>"; };
		8F628D182B0349FE0013042E /* .swiftlint.yml */ = {isa = PBXFileReference; lastKnownFileType = text.yaml; path = .swiftlint.yml; sourceTree = "<group>"; };
		8F95CF8F2B0B97F90024631F /* PostSummaryView.swift */ = {isa = PBXFileReference; lastKnownFileType = sourcecode.swift; path = PostSummaryView.swift; sourceTree = "<group>"; };
		8FBE3B092B0478D400660530 /* HomeCollectionViewCell.swift */ = {isa = PBXFileReference; lastKnownFileType = sourcecode.swift; path = HomeCollectionViewCell.swift; sourceTree = "<group>"; };
		8FBE3B0B2B048B1300660530 /* HomeViewController.swift */ = {isa = PBXFileReference; lastKnownFileType = sourcecode.swift; path = HomeViewController.swift; sourceTree = "<group>"; };
		8FBE3B112B04CF6300660530 /* UILabel+SetTitle.swift */ = {isa = PBXFileReference; lastKnownFileType = sourcecode.swift; path = "UILabel+SetTitle.swift"; sourceTree = "<group>"; };
		8FBE3B132B04D84B00660530 /* UINavigationItem+MakeSFSymbolButton.swift */ = {isa = PBXFileReference; lastKnownFileType = sourcecode.swift; path = "UINavigationItem+MakeSFSymbolButton.swift"; sourceTree = "<group>"; };
		8FC7FE732B05CE9A00B91D3B /* PostListItemViewModel.swift */ = {isa = PBXFileReference; lastKnownFileType = sourcecode.swift; path = PostListItemViewModel.swift; sourceTree = "<group>"; };
		8FC7FE772B06768C00B91D3B /* NetworkService.swift */ = {isa = PBXFileReference; lastKnownFileType = sourcecode.swift; path = NetworkService.swift; sourceTree = "<group>"; };
		8FC7FE7A2B07A89A00B91D3B /* RentDetailViewController.swift */ = {isa = PBXFileReference; lastKnownFileType = sourcecode.swift; path = RentDetailViewController.swift; sourceTree = "<group>"; };
		8FD52A442B09D1A6005EE367 /* ChatViewController.swift */ = {isa = PBXFileReference; fileEncoding = 4; lastKnownFileType = sourcecode.swift; path = ChatViewController.swift; sourceTree = "<group>"; };
		8FD52A472B09D1AD005EE367 /* MyPageViewController.swift */ = {isa = PBXFileReference; fileEncoding = 4; lastKnownFileType = sourcecode.swift; path = MyPageViewController.swift; sourceTree = "<group>"; };
		8FD52A4A2B0B0A2F005EE367 /* SearchViewController.swift */ = {isa = PBXFileReference; lastKnownFileType = sourcecode.swift; path = SearchViewController.swift; sourceTree = "<group>"; };
		8FD52A502B0B51AF005EE367 /* ChatRoomViewController.swift */ = {isa = PBXFileReference; lastKnownFileType = sourcecode.swift; path = ChatRoomViewController.swift; sourceTree = "<group>"; };
/* End PBXFileReference section */

/* Begin PBXFrameworksBuildPhase section */
		59AA12972B03726C00AFC766 /* Frameworks */ = {
			isa = PBXFrameworksBuildPhase;
			buildActionMask = 2147483647;
			files = (
			);
			runOnlyForDeploymentPostprocessing = 0;
		};
		59E0C5F52AFBA3FC0073D494 /* Frameworks */ = {
			isa = PBXFrameworksBuildPhase;
			buildActionMask = 2147483647;
			files = (
			);
			runOnlyForDeploymentPostprocessing = 0;
		};
/* End PBXFrameworksBuildPhase section */

/* Begin PBXGroup section */
		440FCC2B2B04EB830011B637 /* Common */ = {
			isa = PBXGroup;
			children = (
				440FCC2C2B04EB940011B637 /* Constants.swift */,
			);
			path = Common;
			sourceTree = "<group>";
		};
		444A50952B0C905C00454397 /* Custom */ = {
			isa = PBXGroup;
			children = (
				4491AA272B05D6C90016FC70 /* MenuView.swift */,
				44425A632B038AEA00AAD64A /* FloatingButton.swift */,
			);
			path = Custom;
			sourceTree = "<group>";
		};
		444A50962B0C906900454397 /* Custom */ = {
			isa = PBXGroup;
			children = (
				444A508F2B0C60F900454397 /* ImagePageView.swift */,
				444A50972B0CE25200454397 /* DurationView.swift */,
				444A50992B0CE94E00454397 /* DateView.swift */,
				446362C82B0DF9E800B74DA7 /* PriceLabel.swift */,
			);
			path = Custom;
			sourceTree = "<group>";
		};
		5975E98D2B03591E007CEF13 /* Data */ = {
			isa = PBXGroup;
			children = (
				59AA12952B036BFC00AFC766 /* Dummy */,
			);
			path = Data;
			sourceTree = "<group>";
		};
		59AA12952B036BFC00AFC766 /* Dummy */ = {
			isa = PBXGroup;
			children = (
				5975E9872B035919007CEF13 /* Post.json */,
				5975E9882B035919007CEF13 /* Posts.json */,
				5975E9892B035919007CEF13 /* Users.json */,
			);
			path = Dummy;
			sourceTree = "<group>";
		};
		59AA129B2B03726C00AFC766 /* VillageTests */ = {
			isa = PBXGroup;
			children = (
			);
			path = VillageTests;
			sourceTree = "<group>";
		};
		59E0C5EF2AFBA3FC0073D494 = {
			isa = PBXGroup;
			children = (
				8F628D182B0349FE0013042E /* .swiftlint.yml */,
				59E0C5FA2AFBA3FC0073D494 /* Village */,
				59AA129B2B03726C00AFC766 /* VillageTests */,
				59E0C5F92AFBA3FC0073D494 /* Products */,
			);
			sourceTree = "<group>";
		};
		59E0C5F92AFBA3FC0073D494 /* Products */ = {
			isa = PBXGroup;
			children = (
				59E0C5F82AFBA3FC0073D494 /* Village.app */,
				59AA129A2B03726C00AFC766 /* VillageTests.xctest */,
			);
			name = Products;
			sourceTree = "<group>";
		};
		59E0C5FA2AFBA3FC0073D494 /* Village */ = {
			isa = PBXGroup;
			children = (
				8FC7FE762B06767600B91D3B /* Network */,
				8FBE3AEC2B03547E00660530 /* Application */,
				440FCC2B2B04EB830011B637 /* Common */,
				8FBE3AED2B03549300660530 /* Presentation */,
				8FBE3AEE2B03554600660530 /* Resources */,
				5975E98D2B03591E007CEF13 /* Data */,
			);
			path = Village;
			sourceTree = "<group>";
		};
		59E196C72B045EFA00BF7C5A /* PostingRent */ = {
			isa = PBXGroup;
			children = (
				59E196C82B045F4900BF7C5A /* PostingRentViewController.swift */,
				59D4DBDD2B06889300BBA2D5 /* TimePickerView.swift */,
			);
			path = PostingRent;
			sourceTree = "<group>";
		};
		8F95CF8E2B0B97BA0024631F /* Commons */ = {
			isa = PBXGroup;
			children = (
				8F95CF8F2B0B97F90024631F /* PostSummaryView.swift */,
			);
			path = Commons;
			sourceTree = "<group>";
		};
		8FBE3AEC2B03547E00660530 /* Application */ = {
			isa = PBXGroup;
			children = (
				59E0C5FD2AFBA3FC0073D494 /* SceneDelegate.swift */,
				59E0C5FB2AFBA3FC0073D494 /* AppDelegate.swift */,
			);
			path = Application;
			sourceTree = "<group>";
		};
		8FBE3AED2B03549300660530 /* Presentation */ = {
			isa = PBXGroup;
			children = (
				8F95CF8E2B0B97BA0024631F /* Commons */,
				8FD52A4F2B0B51A2005EE367 /* ChatRoom */,
				8FD52A492B0B0A20005EE367 /* Search */,
				8FD52A462B09D1AD005EE367 /* MyPage */,
				8FD52A432B09D1A6005EE367 /* Chat */,
				8FC7FE792B07A88400B91D3B /* PostDetail */,
				8FBE3B0D2B04CB8100660530 /* Utils */,
				8FBE3B062B04763200660530 /* Home */,
				59E196C72B045EFA00BF7C5A /* PostingRent */,
			);
			path = Presentation;
			sourceTree = "<group>";
		};
		8FBE3AEE2B03554600660530 /* Resources */ = {
			isa = PBXGroup;
			children = (
				59E0C6042AFBA3FE0073D494 /* Assets.xcassets */,
				59E0C6092AFBA3FE0073D494 /* Info.plist */,
			);
			path = Resources;
			sourceTree = "<group>";
		};
		8FBE3B062B04763200660530 /* Home */ = {
			isa = PBXGroup;
			children = (
				444A50952B0C905C00454397 /* Custom */,
				8FC7FE722B05CE3000B91D3B /* ViewModel */,
				8FC7FE712B05CE2300B91D3B /* View */,
			);
			path = Home;
			sourceTree = "<group>";
		};
		8FBE3B0D2B04CB8100660530 /* Utils */ = {
			isa = PBXGroup;
			children = (
				8FBE3B0E2B04CB8900660530 /* Extensions */,
			);
			path = Utils;
			sourceTree = "<group>";
		};
		8FBE3B0E2B04CB8900660530 /* Extensions */ = {
			isa = PBXGroup;
			children = (
				8FBE3B112B04CF6300660530 /* UILabel+SetTitle.swift */,
				8FBE3B132B04D84B00660530 /* UINavigationItem+MakeSFSymbolButton.swift */,
				59D4DBE12B068C6400BBA2D5 /* UIView+Layer.swift */,
				5979BA7B2B08AE3C00FFF215 /* UITextField+PlaceHolderColor.swift */,
				444A50932B0C8D1900454397 /* UIView+Divider.swift */,
				446362CA2B0DFD4F00B74DA7 /* Int+.swift */,
			);
			path = Extensions;
			sourceTree = "<group>";
		};
		8FC7FE712B05CE2300B91D3B /* View */ = {
			isa = PBXGroup;
			children = (
				8FBE3B092B0478D400660530 /* HomeCollectionViewCell.swift */,
				8FBE3B0B2B048B1300660530 /* HomeViewController.swift */,
			);
			path = View;
			sourceTree = "<group>";
		};
		8FC7FE722B05CE3000B91D3B /* ViewModel */ = {
			isa = PBXGroup;
			children = (
				8FC7FE732B05CE9A00B91D3B /* PostListItemViewModel.swift */,
			);
			path = ViewModel;
			sourceTree = "<group>";
		};
		8FC7FE762B06767600B91D3B /* Network */ = {
			isa = PBXGroup;
			children = (
				8FC7FE772B06768C00B91D3B /* NetworkService.swift */,
			);
			path = Network;
			sourceTree = "<group>";
		};
		8FC7FE792B07A88400B91D3B /* PostDetail */ = {
			isa = PBXGroup;
			children = (
				444A50962B0C906900454397 /* Custom */,
				8FC7FE7A2B07A89A00B91D3B /* RentDetailViewController.swift */,
			);
			path = PostDetail;
			sourceTree = "<group>";
		};
		8FD52A432B09D1A6005EE367 /* Chat */ = {
			isa = PBXGroup;
			children = (
				8FD52A442B09D1A6005EE367 /* ChatViewController.swift */,
			);
			path = Chat;
			sourceTree = "<group>";
		};
		8FD52A462B09D1AD005EE367 /* MyPage */ = {
			isa = PBXGroup;
			children = (
				8FD52A472B09D1AD005EE367 /* MyPageViewController.swift */,
			);
			name = MyPage;
			path = Village/Presentation/MyPage;
			sourceTree = SOURCE_ROOT;
		};
		8FD52A492B0B0A20005EE367 /* Search */ = {
			isa = PBXGroup;
			children = (
				8FD52A4A2B0B0A2F005EE367 /* SearchViewController.swift */,
			);
			path = Search;
			sourceTree = "<group>";
		};
		8FD52A4F2B0B51A2005EE367 /* ChatRoom */ = {
			isa = PBXGroup;
			children = (
				8FD52A502B0B51AF005EE367 /* ChatRoomViewController.swift */,
			);
			path = ChatRoom;
			sourceTree = "<group>";
		};
/* End PBXGroup section */

/* Begin PBXNativeTarget section */
		59AA12992B03726C00AFC766 /* VillageTests */ = {
			isa = PBXNativeTarget;
			buildConfigurationList = 59AA12A22B03726C00AFC766 /* Build configuration list for PBXNativeTarget "VillageTests" */;
			buildPhases = (
				59AA12962B03726C00AFC766 /* Sources */,
				59AA12972B03726C00AFC766 /* Frameworks */,
				59AA12982B03726C00AFC766 /* Resources */,
			);
			buildRules = (
			);
			dependencies = (
				59AA129F2B03726C00AFC766 /* PBXTargetDependency */,
			);
			name = VillageTests;
			productName = VillageTests;
			productReference = 59AA129A2B03726C00AFC766 /* VillageTests.xctest */;
			productType = "com.apple.product-type.bundle.unit-test";
		};
		59E0C5F72AFBA3FC0073D494 /* Village */ = {
			isa = PBXNativeTarget;
			buildConfigurationList = 59E0C60C2AFBA3FE0073D494 /* Build configuration list for PBXNativeTarget "Village" */;
			buildPhases = (
				8F628D172B0349D80013042E /* SwiftLint Script */,
				59E0C5F42AFBA3FC0073D494 /* Sources */,
				59E0C5F52AFBA3FC0073D494 /* Frameworks */,
				59E0C5F62AFBA3FC0073D494 /* Resources */,
			);
			buildRules = (
			);
			dependencies = (
			);
			name = Village;
			productName = Village;
			productReference = 59E0C5F82AFBA3FC0073D494 /* Village.app */;
			productType = "com.apple.product-type.application";
		};
/* End PBXNativeTarget section */

/* Begin PBXProject section */
		59E0C5F02AFBA3FC0073D494 /* Project object */ = {
			isa = PBXProject;
			attributes = {
				BuildIndependentTargetsInParallel = 1;
				LastSwiftUpdateCheck = 1500;
				LastUpgradeCheck = 1500;
				TargetAttributes = {
					59AA12992B03726C00AFC766 = {
						CreatedOnToolsVersion = 15.0.1;
						TestTargetID = 59E0C5F72AFBA3FC0073D494;
					};
					59E0C5F72AFBA3FC0073D494 = {
						CreatedOnToolsVersion = 15.0;
					};
				};
			};
			buildConfigurationList = 59E0C5F32AFBA3FC0073D494 /* Build configuration list for PBXProject "Village" */;
			compatibilityVersion = "Xcode 14.0";
			developmentRegion = en;
			hasScannedForEncodings = 0;
			knownRegions = (
				en,
				Base,
			);
			mainGroup = 59E0C5EF2AFBA3FC0073D494;
			productRefGroup = 59E0C5F92AFBA3FC0073D494 /* Products */;
			projectDirPath = "";
			projectRoot = "";
			targets = (
				59E0C5F72AFBA3FC0073D494 /* Village */,
				59AA12992B03726C00AFC766 /* VillageTests */,
			);
		};
/* End PBXProject section */

/* Begin PBXResourcesBuildPhase section */
		59AA12982B03726C00AFC766 /* Resources */ = {
			isa = PBXResourcesBuildPhase;
			buildActionMask = 2147483647;
			files = (
			);
			runOnlyForDeploymentPostprocessing = 0;
		};
		59E0C5F62AFBA3FC0073D494 /* Resources */ = {
			isa = PBXResourcesBuildPhase;
			buildActionMask = 2147483647;
			files = (
				5975E98A2B035919007CEF13 /* Post.json in Resources */,
				8F628D192B0349FE0013042E /* .swiftlint.yml in Resources */,
				5975E98B2B035919007CEF13 /* Posts.json in Resources */,
				59E0C6052AFBA3FE0073D494 /* Assets.xcassets in Resources */,
				5975E98C2B035919007CEF13 /* Users.json in Resources */,
			);
			runOnlyForDeploymentPostprocessing = 0;
		};
/* End PBXResourcesBuildPhase section */

/* Begin PBXShellScriptBuildPhase section */
		8F628D172B0349D80013042E /* SwiftLint Script */ = {
			isa = PBXShellScriptBuildPhase;
			alwaysOutOfDate = 1;
			buildActionMask = 2147483647;
			files = (
			);
			inputFileListPaths = (
			);
			inputPaths = (
			);
			name = "SwiftLint Script";
			outputFileListPaths = (
			);
			outputPaths = (
			);
			runOnlyForDeploymentPostprocessing = 0;
			shellPath = /bin/sh;
			shellScript = "# Type a script or drag a script file from your workspace to insert its path.\nexport PATH=\"$PATH:/opt/homebrew/bin\"\nif which swiftlint > /dev/null; then\n  swiftlint\nelse\n  echo \"warning: SwiftLint not installed, download from https://github.com/realm/SwiftLint\"\nfi\n";
		};
/* End PBXShellScriptBuildPhase section */

/* Begin PBXSourcesBuildPhase section */
		59AA12962B03726C00AFC766 /* Sources */ = {
			isa = PBXSourcesBuildPhase;
			buildActionMask = 2147483647;
			files = (
			);
			runOnlyForDeploymentPostprocessing = 0;
		};
		59E0C5F42AFBA3FC0073D494 /* Sources */ = {
			isa = PBXSourcesBuildPhase;
			buildActionMask = 2147483647;
			files = (
				8FBE3B0C2B048B1300660530 /* HomeViewController.swift in Sources */,
				4491AA282B05D6C90016FC70 /* MenuView.swift in Sources */,
				8FD52A452B09D1A6005EE367 /* ChatViewController.swift in Sources */,
				8FBE3B122B04CF6300660530 /* UILabel+SetTitle.swift in Sources */,
				8FD52A512B0B51AF005EE367 /* ChatRoomViewController.swift in Sources */,
				8FBE3B0A2B0478D400660530 /* HomeCollectionViewCell.swift in Sources */,
				440FCC2D2B04EB940011B637 /* Constants.swift in Sources */,
				444A50982B0CE25200454397 /* DurationView.swift in Sources */,
				444A50902B0C60F900454397 /* ImagePageView.swift in Sources */,
				444A50942B0C8D1900454397 /* UIView+Divider.swift in Sources */,
				59D4DBE22B068C6400BBA2D5 /* UIView+Layer.swift in Sources */,
				446362C92B0DF9E800B74DA7 /* PriceLabel.swift in Sources */,
				8FBE3B142B04D84B00660530 /* UINavigationItem+MakeSFSymbolButton.swift in Sources */,
				59E0C5FC2AFBA3FC0073D494 /* AppDelegate.swift in Sources */,
				444A509A2B0CE94E00454397 /* DateView.swift in Sources */,
				59D4DBDE2B06889300BBA2D5 /* TimePickerView.swift in Sources */,
				8F95CF902B0B97F90024631F /* PostSummaryView.swift in Sources */,
				59E196C92B045F4900BF7C5A /* PostingRentViewController.swift in Sources */,
				59E0C5FE2AFBA3FC0073D494 /* SceneDelegate.swift in Sources */,
				44425A642B038AEA00AAD64A /* FloatingButton.swift in Sources */,
				446362CB2B0DFD4F00B74DA7 /* Int+.swift in Sources */,
				5979BA7C2B08AE3C00FFF215 /* UITextField+PlaceHolderColor.swift in Sources */,
				8FD52A482B09D1AD005EE367 /* MyPageViewController.swift in Sources */,
				59E196C92B045F4900BF7C5A /* PostingRentViewController.swift in Sources */,
				8FD52A4B2B0B0A2F005EE367 /* SearchViewController.swift in Sources */,
				59E0C5FE2AFBA3FC0073D494 /* SceneDelegate.swift in Sources */,
				44425A642B038AEA00AAD64A /* FloatingButton.swift in Sources */,
				8FC7FE782B06768C00B91D3B /* NetworkService.swift in Sources */,
				8FC7FE742B05CE9A00B91D3B /* PostListItemViewModel.swift in Sources */,
				8FC7FE7B2B07A89A00B91D3B /* RentDetailViewController.swift in Sources */,
			);
			runOnlyForDeploymentPostprocessing = 0;
		};
/* End PBXSourcesBuildPhase section */

/* Begin PBXTargetDependency section */
		59AA129F2B03726C00AFC766 /* PBXTargetDependency */ = {
			isa = PBXTargetDependency;
			target = 59E0C5F72AFBA3FC0073D494 /* Village */;
			targetProxy = 59AA129E2B03726C00AFC766 /* PBXContainerItemProxy */;
		};
/* End PBXTargetDependency section */

/* Begin XCBuildConfiguration section */
		59AA12A02B03726C00AFC766 /* Debug */ = {
			isa = XCBuildConfiguration;
			buildSettings = {
				BUNDLE_LOADER = "$(TEST_HOST)";
				CODE_SIGN_STYLE = Automatic;
				CURRENT_PROJECT_VERSION = 1;
				DEVELOPMENT_TEAM = B3PWYBKFUK;
				GENERATE_INFOPLIST_FILE = YES;
				IPHONEOS_DEPLOYMENT_TARGET = 15.0;
				MACOSX_DEPLOYMENT_TARGET = 14.0;
				MARKETING_VERSION = 1.0;
				PRODUCT_BUNDLE_IDENTIFIER = kr.codesquad.boostcamp8.VillageTests;
				PRODUCT_NAME = "$(TARGET_NAME)";
				SDKROOT = auto;
				SUPPORTED_PLATFORMS = "iphoneos iphonesimulator macosx";
				SWIFT_EMIT_LOC_STRINGS = NO;
				SWIFT_VERSION = 5.0;
				TARGETED_DEVICE_FAMILY = "1,2";
				TEST_HOST = "$(BUILT_PRODUCTS_DIR)/Village.app/$(BUNDLE_EXECUTABLE_FOLDER_PATH)/Village";
			};
			name = Debug;
		};
		59AA12A12B03726C00AFC766 /* Release */ = {
			isa = XCBuildConfiguration;
			buildSettings = {
				BUNDLE_LOADER = "$(TEST_HOST)";
				CODE_SIGN_STYLE = Automatic;
				CURRENT_PROJECT_VERSION = 1;
				DEVELOPMENT_TEAM = B3PWYBKFUK;
				GENERATE_INFOPLIST_FILE = YES;
				IPHONEOS_DEPLOYMENT_TARGET = 15.0;
				MACOSX_DEPLOYMENT_TARGET = 14.0;
				MARKETING_VERSION = 1.0;
				PRODUCT_BUNDLE_IDENTIFIER = kr.codesquad.boostcamp8.VillageTests;
				PRODUCT_NAME = "$(TARGET_NAME)";
				SDKROOT = auto;
				SUPPORTED_PLATFORMS = "iphoneos iphonesimulator macosx";
				SWIFT_EMIT_LOC_STRINGS = NO;
				SWIFT_VERSION = 5.0;
				TARGETED_DEVICE_FAMILY = "1,2";
				TEST_HOST = "$(BUILT_PRODUCTS_DIR)/Village.app/$(BUNDLE_EXECUTABLE_FOLDER_PATH)/Village";
			};
			name = Release;
		};
		59E0C60A2AFBA3FE0073D494 /* Debug */ = {
			isa = XCBuildConfiguration;
			buildSettings = {
				ALWAYS_SEARCH_USER_PATHS = NO;
				ASSETCATALOG_COMPILER_GENERATE_SWIFT_ASSET_SYMBOL_EXTENSIONS = YES;
				CLANG_ANALYZER_NONNULL = YES;
				CLANG_ANALYZER_NUMBER_OBJECT_CONVERSION = YES_AGGRESSIVE;
				CLANG_CXX_LANGUAGE_STANDARD = "gnu++20";
				CLANG_ENABLE_MODULES = YES;
				CLANG_ENABLE_OBJC_ARC = YES;
				CLANG_ENABLE_OBJC_WEAK = YES;
				CLANG_WARN_BLOCK_CAPTURE_AUTORELEASING = YES;
				CLANG_WARN_BOOL_CONVERSION = YES;
				CLANG_WARN_COMMA = YES;
				CLANG_WARN_CONSTANT_CONVERSION = YES;
				CLANG_WARN_DEPRECATED_OBJC_IMPLEMENTATIONS = YES;
				CLANG_WARN_DIRECT_OBJC_ISA_USAGE = YES_ERROR;
				CLANG_WARN_DOCUMENTATION_COMMENTS = YES;
				CLANG_WARN_EMPTY_BODY = YES;
				CLANG_WARN_ENUM_CONVERSION = YES;
				CLANG_WARN_INFINITE_RECURSION = YES;
				CLANG_WARN_INT_CONVERSION = YES;
				CLANG_WARN_NON_LITERAL_NULL_CONVERSION = YES;
				CLANG_WARN_OBJC_IMPLICIT_RETAIN_SELF = YES;
				CLANG_WARN_OBJC_LITERAL_CONVERSION = YES;
				CLANG_WARN_OBJC_ROOT_CLASS = YES_ERROR;
				CLANG_WARN_QUOTED_INCLUDE_IN_FRAMEWORK_HEADER = YES;
				CLANG_WARN_RANGE_LOOP_ANALYSIS = YES;
				CLANG_WARN_STRICT_PROTOTYPES = YES;
				CLANG_WARN_SUSPICIOUS_MOVE = YES;
				CLANG_WARN_UNGUARDED_AVAILABILITY = YES_AGGRESSIVE;
				CLANG_WARN_UNREACHABLE_CODE = YES;
				CLANG_WARN__DUPLICATE_METHOD_MATCH = YES;
				COPY_PHASE_STRIP = NO;
				DEBUG_INFORMATION_FORMAT = dwarf;
				ENABLE_STRICT_OBJC_MSGSEND = YES;
				ENABLE_TESTABILITY = YES;
				ENABLE_USER_SCRIPT_SANDBOXING = YES;
				GCC_C_LANGUAGE_STANDARD = gnu17;
				GCC_DYNAMIC_NO_PIC = NO;
				GCC_NO_COMMON_BLOCKS = YES;
				GCC_OPTIMIZATION_LEVEL = 0;
				GCC_PREPROCESSOR_DEFINITIONS = (
					"DEBUG=1",
					"$(inherited)",
				);
				GCC_WARN_64_TO_32_BIT_CONVERSION = YES;
				GCC_WARN_ABOUT_RETURN_TYPE = YES_ERROR;
				GCC_WARN_UNDECLARED_SELECTOR = YES;
				GCC_WARN_UNINITIALIZED_AUTOS = YES_AGGRESSIVE;
				GCC_WARN_UNUSED_FUNCTION = YES;
				GCC_WARN_UNUSED_VARIABLE = YES;
				IPHONEOS_DEPLOYMENT_TARGET = 15.0;
				LOCALIZATION_PREFERS_STRING_CATALOGS = YES;
				MTL_ENABLE_DEBUG_INFO = INCLUDE_SOURCE;
				MTL_FAST_MATH = YES;
				ONLY_ACTIVE_ARCH = YES;
				SDKROOT = iphoneos;
				SWIFT_ACTIVE_COMPILATION_CONDITIONS = "DEBUG $(inherited)";
				SWIFT_OPTIMIZATION_LEVEL = "-Onone";
			};
			name = Debug;
		};
		59E0C60B2AFBA3FE0073D494 /* Release */ = {
			isa = XCBuildConfiguration;
			buildSettings = {
				ALWAYS_SEARCH_USER_PATHS = NO;
				ASSETCATALOG_COMPILER_GENERATE_SWIFT_ASSET_SYMBOL_EXTENSIONS = YES;
				CLANG_ANALYZER_NONNULL = YES;
				CLANG_ANALYZER_NUMBER_OBJECT_CONVERSION = YES_AGGRESSIVE;
				CLANG_CXX_LANGUAGE_STANDARD = "gnu++20";
				CLANG_ENABLE_MODULES = YES;
				CLANG_ENABLE_OBJC_ARC = YES;
				CLANG_ENABLE_OBJC_WEAK = YES;
				CLANG_WARN_BLOCK_CAPTURE_AUTORELEASING = YES;
				CLANG_WARN_BOOL_CONVERSION = YES;
				CLANG_WARN_COMMA = YES;
				CLANG_WARN_CONSTANT_CONVERSION = YES;
				CLANG_WARN_DEPRECATED_OBJC_IMPLEMENTATIONS = YES;
				CLANG_WARN_DIRECT_OBJC_ISA_USAGE = YES_ERROR;
				CLANG_WARN_DOCUMENTATION_COMMENTS = YES;
				CLANG_WARN_EMPTY_BODY = YES;
				CLANG_WARN_ENUM_CONVERSION = YES;
				CLANG_WARN_INFINITE_RECURSION = YES;
				CLANG_WARN_INT_CONVERSION = YES;
				CLANG_WARN_NON_LITERAL_NULL_CONVERSION = YES;
				CLANG_WARN_OBJC_IMPLICIT_RETAIN_SELF = YES;
				CLANG_WARN_OBJC_LITERAL_CONVERSION = YES;
				CLANG_WARN_OBJC_ROOT_CLASS = YES_ERROR;
				CLANG_WARN_QUOTED_INCLUDE_IN_FRAMEWORK_HEADER = YES;
				CLANG_WARN_RANGE_LOOP_ANALYSIS = YES;
				CLANG_WARN_STRICT_PROTOTYPES = YES;
				CLANG_WARN_SUSPICIOUS_MOVE = YES;
				CLANG_WARN_UNGUARDED_AVAILABILITY = YES_AGGRESSIVE;
				CLANG_WARN_UNREACHABLE_CODE = YES;
				CLANG_WARN__DUPLICATE_METHOD_MATCH = YES;
				COPY_PHASE_STRIP = NO;
				DEBUG_INFORMATION_FORMAT = "dwarf-with-dsym";
				ENABLE_NS_ASSERTIONS = NO;
				ENABLE_STRICT_OBJC_MSGSEND = YES;
				ENABLE_USER_SCRIPT_SANDBOXING = YES;
				GCC_C_LANGUAGE_STANDARD = gnu17;
				GCC_NO_COMMON_BLOCKS = YES;
				GCC_WARN_64_TO_32_BIT_CONVERSION = YES;
				GCC_WARN_ABOUT_RETURN_TYPE = YES_ERROR;
				GCC_WARN_UNDECLARED_SELECTOR = YES;
				GCC_WARN_UNINITIALIZED_AUTOS = YES_AGGRESSIVE;
				GCC_WARN_UNUSED_FUNCTION = YES;
				GCC_WARN_UNUSED_VARIABLE = YES;
				IPHONEOS_DEPLOYMENT_TARGET = 15.0;
				LOCALIZATION_PREFERS_STRING_CATALOGS = YES;
				MTL_ENABLE_DEBUG_INFO = NO;
				MTL_FAST_MATH = YES;
				SDKROOT = iphoneos;
				SWIFT_COMPILATION_MODE = wholemodule;
				VALIDATE_PRODUCT = YES;
			};
			name = Release;
		};
		59E0C60D2AFBA3FE0073D494 /* Debug */ = {
			isa = XCBuildConfiguration;
			buildSettings = {
				ASSETCATALOG_COMPILER_APPICON_NAME = AppIcon;
				ASSETCATALOG_COMPILER_GLOBAL_ACCENT_COLOR_NAME = AccentColor;
				CODE_SIGN_STYLE = Automatic;
				CURRENT_PROJECT_VERSION = 1;
				DEVELOPMENT_TEAM = B3PWYBKFUK;
				ENABLE_USER_SCRIPT_SANDBOXING = NO;
				GENERATE_INFOPLIST_FILE = YES;
				INFOPLIST_FILE = Village/Resources/Info.plist;
				INFOPLIST_KEY_UIApplicationSupportsIndirectInputEvents = YES;
				INFOPLIST_KEY_UILaunchStoryboardName = LaunchScreen;
				INFOPLIST_KEY_UISupportedInterfaceOrientations_iPad = "UIInterfaceOrientationPortrait UIInterfaceOrientationPortraitUpsideDown UIInterfaceOrientationLandscapeLeft UIInterfaceOrientationLandscapeRight";
				INFOPLIST_KEY_UISupportedInterfaceOrientations_iPhone = "UIInterfaceOrientationPortrait UIInterfaceOrientationLandscapeLeft UIInterfaceOrientationLandscapeRight";
				LD_RUNPATH_SEARCH_PATHS = (
					"$(inherited)",
					"@executable_path/Frameworks",
				);
				MARKETING_VERSION = 1.0;
				PRODUCT_BUNDLE_IDENTIFIER = kr.codesquad.boostcamp8.Village;
				PRODUCT_NAME = "$(TARGET_NAME)";
				SWIFT_EMIT_LOC_STRINGS = YES;
				SWIFT_VERSION = 5.0;
				TARGETED_DEVICE_FAMILY = "1,2";
			};
			name = Debug;
		};
		59E0C60E2AFBA3FE0073D494 /* Release */ = {
			isa = XCBuildConfiguration;
			buildSettings = {
				ASSETCATALOG_COMPILER_APPICON_NAME = AppIcon;
				ASSETCATALOG_COMPILER_GLOBAL_ACCENT_COLOR_NAME = AccentColor;
				CODE_SIGN_STYLE = Automatic;
				CURRENT_PROJECT_VERSION = 1;
				DEVELOPMENT_TEAM = B3PWYBKFUK;
				ENABLE_USER_SCRIPT_SANDBOXING = NO;
				GENERATE_INFOPLIST_FILE = YES;
				INFOPLIST_FILE = Village/Resources/Info.plist;
				INFOPLIST_KEY_UIApplicationSupportsIndirectInputEvents = YES;
				INFOPLIST_KEY_UILaunchStoryboardName = LaunchScreen;
				INFOPLIST_KEY_UISupportedInterfaceOrientations_iPad = "UIInterfaceOrientationPortrait UIInterfaceOrientationPortraitUpsideDown UIInterfaceOrientationLandscapeLeft UIInterfaceOrientationLandscapeRight";
				INFOPLIST_KEY_UISupportedInterfaceOrientations_iPhone = "UIInterfaceOrientationPortrait UIInterfaceOrientationLandscapeLeft UIInterfaceOrientationLandscapeRight";
				LD_RUNPATH_SEARCH_PATHS = (
					"$(inherited)",
					"@executable_path/Frameworks",
				);
				MARKETING_VERSION = 1.0;
				PRODUCT_BUNDLE_IDENTIFIER = kr.codesquad.boostcamp8.Village;
				PRODUCT_NAME = "$(TARGET_NAME)";
				SWIFT_EMIT_LOC_STRINGS = YES;
				SWIFT_VERSION = 5.0;
				TARGETED_DEVICE_FAMILY = "1,2";
			};
			name = Release;
		};
/* End XCBuildConfiguration section */

/* Begin XCConfigurationList section */
		59AA12A22B03726C00AFC766 /* Build configuration list for PBXNativeTarget "VillageTests" */ = {
			isa = XCConfigurationList;
			buildConfigurations = (
				59AA12A02B03726C00AFC766 /* Debug */,
				59AA12A12B03726C00AFC766 /* Release */,
			);
			defaultConfigurationIsVisible = 0;
			defaultConfigurationName = Release;
		};
		59E0C5F32AFBA3FC0073D494 /* Build configuration list for PBXProject "Village" */ = {
			isa = XCConfigurationList;
			buildConfigurations = (
				59E0C60A2AFBA3FE0073D494 /* Debug */,
				59E0C60B2AFBA3FE0073D494 /* Release */,
			);
			defaultConfigurationIsVisible = 0;
			defaultConfigurationName = Release;
		};
		59E0C60C2AFBA3FE0073D494 /* Build configuration list for PBXNativeTarget "Village" */ = {
			isa = XCConfigurationList;
			buildConfigurations = (
				59E0C60D2AFBA3FE0073D494 /* Debug */,
				59E0C60E2AFBA3FE0073D494 /* Release */,
			);
			defaultConfigurationIsVisible = 0;
			defaultConfigurationName = Release;
		};
/* End XCConfigurationList section */
	};
	rootObject = 59E0C5F02AFBA3FC0073D494 /* Project object */;
}
